# THIS IS AN AUTOGENERATED FILE. DO NOT EDIT THIS FILE DIRECTLY.
# yarn lockfile v1


"@vant/weapp@^1.2.1":
  version "1.2.1"
  resolved "https://registry.npm.taobao.org/@vant/weapp/download/@vant/weapp-1.2.1.tgz#2fe3d48e611bff679e2fb130ae1040f41b464bcc"
  integrity sha1-L+PUjmEb/2eeL7EwrhBA9BtGS8w=

miniprogram-api-typings@^2.8.3-1:
  version "2.10.3"
  resolved "https://registry.npm.taobao.org/miniprogram-api-typings/download/miniprogram-api-typings-2.10.3.tgz#68597092d88176c95674ff20c09816f63b329089"
  integrity sha1-aFlwktiBdslWdP8gwJgW9jsykIk=

typescript@^3.3.3333:
  version "3.8.3"
  resolved "https://registry.npm.taobao.org/typescript/download/typescript-3.8.3.tgz?cache=0&sync_timestamp=1586676211610&other_urls=https%3A%2F%2Fregistry.npm.taobao.org%2Ftypescript%2Fdownload%2Ftypescript-3.8.3.tgz#409eb8544ea0335711205869ec458ab109ee1061"
  integrity sha1-QJ64VE6gM1cRIFhp7EWKsQnuEGE=
